// !$*UTF8*$!
{
	archiveVersion = 1;
	classes = {
	};
	objectVersion = 50;
	objects = {

/* Begin PBXBuildFile section */
		9F11283B218E0CD10025F468 /* LevelViewPokedex.swift in Sources */ = {isa = PBXBuildFile; fileRef = 9F11283A218E0CD10025F468 /* LevelViewPokedex.swift */; };
		9F36B787217CCCF60013DAAF /* PokemonTableViewCell.swift in Sources */ = {isa = PBXBuildFile; fileRef = 9F36B786217CCCF60013DAAF /* PokemonTableViewCell.swift */; };
		9F36B789217CCF9F0013DAAF /* PokemonTableViewController.swift in Sources */ = {isa = PBXBuildFile; fileRef = 9F36B788217CCF9F0013DAAF /* PokemonTableViewController.swift */; };
		9F4DB0C7218E44D500076625 /* TeamAttributesTableViewCell.swift in Sources */ = {isa = PBXBuildFile; fileRef = 9F4DB0C6218E44D500076625 /* TeamAttributesTableViewCell.swift */; };
		9F4DB0C9218E83B700076625 /* SuggestedMonTableViewCell.swift in Sources */ = {isa = PBXBuildFile; fileRef = 9F4DB0C8218E83B700076625 /* SuggestedMonTableViewCell.swift */; };
		9F61A475217BEE13002A78A8 /* AppDelegate.swift in Sources */ = {isa = PBXBuildFile; fileRef = 9F61A474217BEE13002A78A8 /* AppDelegate.swift */; };
		9F61A477217BEE13002A78A8 /* FirstViewController.swift in Sources */ = {isa = PBXBuildFile; fileRef = 9F61A476217BEE13002A78A8 /* FirstViewController.swift */; };
		9F61A47C217BEE13002A78A8 /* Main.storyboard in Resources */ = {isa = PBXBuildFile; fileRef = 9F61A47A217BEE13002A78A8 /* Main.storyboard */; };
		9F61A47E217BEE16002A78A8 /* Assets.xcassets in Resources */ = {isa = PBXBuildFile; fileRef = 9F61A47D217BEE16002A78A8 /* Assets.xcassets */; };
		9F61A481217BEE16002A78A8 /* LaunchScreen.storyboard in Resources */ = {isa = PBXBuildFile; fileRef = 9F61A47F217BEE16002A78A8 /* LaunchScreen.storyboard */; };
		9F61A48C217BEE16002A78A8 /* PTBuilder_iOSTests.swift in Sources */ = {isa = PBXBuildFile; fileRef = 9F61A48B217BEE16002A78A8 /* PTBuilder_iOSTests.swift */; };
		9F61A497217BEE16002A78A8 /* PTBuilder_iOSUITests.swift in Sources */ = {isa = PBXBuildFile; fileRef = 9F61A496217BEE16002A78A8 /* PTBuilder_iOSUITests.swift */; };
		9F61A4A5217BEEAF002A78A8 /* Pokedex.swift in Sources */ = {isa = PBXBuildFile; fileRef = 9F61A4A4217BEEAF002A78A8 /* Pokedex.swift */; };
		9F61A4A7217BEF20002A78A8 /* Pokemon.swift in Sources */ = {isa = PBXBuildFile; fileRef = 9F61A4A6217BEF20002A78A8 /* Pokemon.swift */; };
		9F61A4A9217BEF3E002A78A8 /* Support Functions.swift in Sources */ = {isa = PBXBuildFile; fileRef = 9F61A4A8217BEF3E002A78A8 /* Support Functions.swift */; };
		9F61A4AB217BEF56002A78A8 /* Team.swift in Sources */ = {isa = PBXBuildFile; fileRef = 9F61A4AA217BEF56002A78A8 /* Team.swift */; };
		9F61A4AD217BEF7B002A78A8 /* Calculator.swift in Sources */ = {isa = PBXBuildFile; fileRef = 9F61A4AC217BEF7B002A78A8 /* Calculator.swift */; };
		9F8946042193599900015FE2 /* PrimaryTabBarViewController.swift in Sources */ = {isa = PBXBuildFile; fileRef = 9F8946032193599900015FE2 /* PrimaryTabBarViewController.swift */; };
		9F983A2C218B4FFE003F4584 /* LevelView.swift in Sources */ = {isa = PBXBuildFile; fileRef = 9F983A2B218B4FFE003F4584 /* LevelView.swift */; };
		9F983A2F218BD75F003F4584 /* PokedexViewController.swift in Sources */ = {isa = PBXBuildFile; fileRef = 9F983A2E218BD75F003F4584 /* PokedexViewController.swift */; };
		9F983A31218BFC63003F4584 /* PokedexTableViewCell.swift in Sources */ = {isa = PBXBuildFile; fileRef = 9F983A30218BFC63003F4584 /* PokedexTableViewCell.swift */; };
		9F983A33218C0331003F4584 /* PokedexSearch.swift in Sources */ = {isa = PBXBuildFile; fileRef = 9F983A32218C0331003F4584 /* PokedexSearch.swift */; };
		9F983A35218CA126003F4584 /* PokedexDetailViewController.swift in Sources */ = {isa = PBXBuildFile; fileRef = 9F983A34218CA126003F4584 /* PokedexDetailViewController.swift */; };
		9F9E53C9217E4FB5009D4C56 /* DetailViewController.swift in Sources */ = {isa = PBXBuildFile; fileRef = 9F9E53C8217E4FB5009D4C56 /* DetailViewController.swift */; };
		9F9E53CB217E7A8E009D4C56 /* PokemonSelectionDelegate.swift in Sources */ = {isa = PBXBuildFile; fileRef = 9F9E53CA217E7A8E009D4C56 /* PokemonSelectionDelegate.swift */; };
		9F9E53CD217E8AB5009D4C56 /* PokemonPropertyPickerView.swift in Sources */ = {isa = PBXBuildFile; fileRef = 9F9E53CC217E8AB5009D4C56 /* PokemonPropertyPickerView.swift */; };
		9FB3F2DD21822550009AB5AB /* TeamSectionSelectionDelegate.swift in Sources */ = {isa = PBXBuildFile; fileRef = 9FB3F2DC21822550009AB5AB /* TeamSectionSelectionDelegate.swift */; };
		9FB3F2DF21828395009AB5AB /* TeamWeaknessTableViewController.swift in Sources */ = {isa = PBXBuildFile; fileRef = 9FB3F2DE21828395009AB5AB /* TeamWeaknessTableViewController.swift */; };
		9FB3F2E121828446009AB5AB /* TeamWeaknessTableViewCell.swift in Sources */ = {isa = PBXBuildFile; fileRef = 9FB3F2E021828446009AB5AB /* TeamWeaknessTableViewCell.swift */; };
		9FE7BF8021862628001EEDA8 /* TeamCoverageTableViewCell.swift in Sources */ = {isa = PBXBuildFile; fileRef = 9FE7BF7F21862628001EEDA8 /* TeamCoverageTableViewCell.swift */; };
		9FF00AF42180E1D000DB9BE8 /* TeamTableViewController.swift in Sources */ = {isa = PBXBuildFile; fileRef = 9FF00AF32180E1D000DB9BE8 /* TeamTableViewController.swift */; };
		9FF00AF62180E1F500DB9BE8 /* TeamDetailViewController.swift in Sources */ = {isa = PBXBuildFile; fileRef = 9FF00AF52180E1F500DB9BE8 /* TeamDetailViewController.swift */; };
		9FF00AF82180E39500DB9BE8 /* TeamOverviewTableViewCell.swift in Sources */ = {isa = PBXBuildFile; fileRef = 9FF00AF72180E39500DB9BE8 /* TeamOverviewTableViewCell.swift */; };
		9FF3579B21913E1E00858A7E /* SavedTeamsTableViewController.swift in Sources */ = {isa = PBXBuildFile; fileRef = 9FF3579A21913E1E00858A7E /* SavedTeamsTableViewController.swift */; };
		9FF3579D219140D500858A7E /* SavedTeamsTableViewCell.swift in Sources */ = {isa = PBXBuildFile; fileRef = 9FF3579C219140D500858A7E /* SavedTeamsTableViewCell.swift */; };
/* End PBXBuildFile section */

/* Begin PBXContainerItemProxy section */
		9F61A488217BEE16002A78A8 /* PBXContainerItemProxy */ = {
			isa = PBXContainerItemProxy;
			containerPortal = 9F61A469217BEE13002A78A8 /* Project object */;
			proxyType = 1;
			remoteGlobalIDString = 9F61A470217BEE13002A78A8;
			remoteInfo = "PTBuilder iOS";
		};
		9F61A493217BEE16002A78A8 /* PBXContainerItemProxy */ = {
			isa = PBXContainerItemProxy;
			containerPortal = 9F61A469217BEE13002A78A8 /* Project object */;
			proxyType = 1;
			remoteGlobalIDString = 9F61A470217BEE13002A78A8;
			remoteInfo = "PTBuilder iOS";
		};
/* End PBXContainerItemProxy section */

/* Begin PBXFileReference section */
		9F11283A218E0CD10025F468 /* LevelViewPokedex.swift */ = {isa = PBXFileReference; lastKnownFileType = sourcecode.swift; path = LevelViewPokedex.swift; sourceTree = "<group>"; };
		9F36B786217CCCF60013DAAF /* PokemonTableViewCell.swift */ = {isa = PBXFileReference; lastKnownFileType = sourcecode.swift; path = PokemonTableViewCell.swift; sourceTree = "<group>"; };
		9F36B788217CCF9F0013DAAF /* PokemonTableViewController.swift */ = {isa = PBXFileReference; lastKnownFileType = sourcecode.swift; path = PokemonTableViewController.swift; sourceTree = "<group>"; };
		9F4DB0C6218E44D500076625 /* TeamAttributesTableViewCell.swift */ = {isa = PBXFileReference; lastKnownFileType = sourcecode.swift; path = TeamAttributesTableViewCell.swift; sourceTree = "<group>"; };
		9F4DB0C8218E83B700076625 /* SuggestedMonTableViewCell.swift */ = {isa = PBXFileReference; lastKnownFileType = sourcecode.swift; path = SuggestedMonTableViewCell.swift; sourceTree = "<group>"; };
		9F61A471217BEE13002A78A8 /* PTBuilder iOS.app */ = {isa = PBXFileReference; explicitFileType = wrapper.application; includeInIndex = 0; path = "PTBuilder iOS.app"; sourceTree = BUILT_PRODUCTS_DIR; };
		9F61A474217BEE13002A78A8 /* AppDelegate.swift */ = {isa = PBXFileReference; lastKnownFileType = sourcecode.swift; path = AppDelegate.swift; sourceTree = "<group>"; };
		9F61A476217BEE13002A78A8 /* FirstViewController.swift */ = {isa = PBXFileReference; lastKnownFileType = sourcecode.swift; path = FirstViewController.swift; sourceTree = "<group>"; };
		9F61A47B217BEE13002A78A8 /* Base */ = {isa = PBXFileReference; lastKnownFileType = file.storyboard; name = Base; path = Base.lproj/Main.storyboard; sourceTree = "<group>"; };
		9F61A47D217BEE16002A78A8 /* Assets.xcassets */ = {isa = PBXFileReference; lastKnownFileType = folder.assetcatalog; path = Assets.xcassets; sourceTree = "<group>"; };
		9F61A480217BEE16002A78A8 /* Base */ = {isa = PBXFileReference; lastKnownFileType = file.storyboard; name = Base; path = Base.lproj/LaunchScreen.storyboard; sourceTree = "<group>"; };
		9F61A482217BEE16002A78A8 /* Info.plist */ = {isa = PBXFileReference; lastKnownFileType = text.plist.xml; path = Info.plist; sourceTree = "<group>"; };
		9F61A487217BEE16002A78A8 /* PTBuilder iOSTests.xctest */ = {isa = PBXFileReference; explicitFileType = wrapper.cfbundle; includeInIndex = 0; path = "PTBuilder iOSTests.xctest"; sourceTree = BUILT_PRODUCTS_DIR; };
		9F61A48B217BEE16002A78A8 /* PTBuilder_iOSTests.swift */ = {isa = PBXFileReference; lastKnownFileType = sourcecode.swift; path = PTBuilder_iOSTests.swift; sourceTree = "<group>"; };
		9F61A48D217BEE16002A78A8 /* Info.plist */ = {isa = PBXFileReference; lastKnownFileType = text.plist.xml; path = Info.plist; sourceTree = "<group>"; };
		9F61A492217BEE16002A78A8 /* PTBuilder iOSUITests.xctest */ = {isa = PBXFileReference; explicitFileType = wrapper.cfbundle; includeInIndex = 0; path = "PTBuilder iOSUITests.xctest"; sourceTree = BUILT_PRODUCTS_DIR; };
		9F61A496217BEE16002A78A8 /* PTBuilder_iOSUITests.swift */ = {isa = PBXFileReference; lastKnownFileType = sourcecode.swift; path = PTBuilder_iOSUITests.swift; sourceTree = "<group>"; };
		9F61A498217BEE16002A78A8 /* Info.plist */ = {isa = PBXFileReference; lastKnownFileType = text.plist.xml; path = Info.plist; sourceTree = "<group>"; };
		9F61A4A4217BEEAF002A78A8 /* Pokedex.swift */ = {isa = PBXFileReference; lastKnownFileType = sourcecode.swift; path = Pokedex.swift; sourceTree = "<group>"; };
		9F61A4A6217BEF20002A78A8 /* Pokemon.swift */ = {isa = PBXFileReference; lastKnownFileType = sourcecode.swift; path = Pokemon.swift; sourceTree = "<group>"; };
		9F61A4A8217BEF3E002A78A8 /* Support Functions.swift */ = {isa = PBXFileReference; lastKnownFileType = sourcecode.swift; path = "Support Functions.swift"; sourceTree = "<group>"; };
		9F61A4AA217BEF56002A78A8 /* Team.swift */ = {isa = PBXFileReference; lastKnownFileType = sourcecode.swift; path = Team.swift; sourceTree = "<group>"; };
		9F61A4AC217BEF7B002A78A8 /* Calculator.swift */ = {isa = PBXFileReference; lastKnownFileType = sourcecode.swift; path = Calculator.swift; sourceTree = "<group>"; };
		9F8946032193599900015FE2 /* PrimaryTabBarViewController.swift */ = {isa = PBXFileReference; lastKnownFileType = sourcecode.swift; path = PrimaryTabBarViewController.swift; sourceTree = "<group>"; };
		9F983A2B218B4FFE003F4584 /* LevelView.swift */ = {isa = PBXFileReference; lastKnownFileType = sourcecode.swift; path = LevelView.swift; sourceTree = "<group>"; };
		9F983A2D218BC8E7003F4584 /* MyPlayground.playground */ = {isa = PBXFileReference; lastKnownFileType = file.playground; path = MyPlayground.playground; sourceTree = "<group>"; xcLanguageSpecificationIdentifier = xcode.lang.swift; };
		9F983A2E218BD75F003F4584 /* PokedexViewController.swift */ = {isa = PBXFileReference; lastKnownFileType = sourcecode.swift; path = PokedexViewController.swift; sourceTree = "<group>"; };
		9F983A30218BFC63003F4584 /* PokedexTableViewCell.swift */ = {isa = PBXFileReference; lastKnownFileType = sourcecode.swift; path = PokedexTableViewCell.swift; sourceTree = "<group>"; };
		9F983A32218C0331003F4584 /* PokedexSearch.swift */ = {isa = PBXFileReference; lastKnownFileType = sourcecode.swift; path = PokedexSearch.swift; sourceTree = "<group>"; };
		9F983A34218CA126003F4584 /* PokedexDetailViewController.swift */ = {isa = PBXFileReference; lastKnownFileType = sourcecode.swift; path = PokedexDetailViewController.swift; sourceTree = "<group>"; };
		9F9E53C8217E4FB5009D4C56 /* DetailViewController.swift */ = {isa = PBXFileReference; lastKnownFileType = sourcecode.swift; path = DetailViewController.swift; sourceTree = "<group>"; };
		9F9E53CA217E7A8E009D4C56 /* PokemonSelectionDelegate.swift */ = {isa = PBXFileReference; lastKnownFileType = sourcecode.swift; path = PokemonSelectionDelegate.swift; sourceTree = "<group>"; };
		9F9E53CC217E8AB5009D4C56 /* PokemonPropertyPickerView.swift */ = {isa = PBXFileReference; lastKnownFileType = sourcecode.swift; path = PokemonPropertyPickerView.swift; sourceTree = "<group>"; };
		9FB3F2DC21822550009AB5AB /* TeamSectionSelectionDelegate.swift */ = {isa = PBXFileReference; lastKnownFileType = sourcecode.swift; path = TeamSectionSelectionDelegate.swift; sourceTree = "<group>"; };
		9FB3F2DE21828395009AB5AB /* TeamWeaknessTableViewController.swift */ = {isa = PBXFileReference; lastKnownFileType = sourcecode.swift; path = TeamWeaknessTableViewController.swift; sourceTree = "<group>"; };
		9FB3F2E021828446009AB5AB /* TeamWeaknessTableViewCell.swift */ = {isa = PBXFileReference; lastKnownFileType = sourcecode.swift; path = TeamWeaknessTableViewCell.swift; sourceTree = "<group>"; };
		9FE7BF7F21862628001EEDA8 /* TeamCoverageTableViewCell.swift */ = {isa = PBXFileReference; lastKnownFileType = sourcecode.swift; name = TeamCoverageTableViewCell.swift; path = "PTBuilder iOS/Table View Cells/TeamCoverageTableViewCell.swift"; sourceTree = SOURCE_ROOT; };
		9FF00AF32180E1D000DB9BE8 /* TeamTableViewController.swift */ = {isa = PBXFileReference; lastKnownFileType = sourcecode.swift; path = TeamTableViewController.swift; sourceTree = "<group>"; };
		9FF00AF52180E1F500DB9BE8 /* TeamDetailViewController.swift */ = {isa = PBXFileReference; lastKnownFileType = sourcecode.swift; path = TeamDetailViewController.swift; sourceTree = "<group>"; };
		9FF00AF72180E39500DB9BE8 /* TeamOverviewTableViewCell.swift */ = {isa = PBXFileReference; lastKnownFileType = sourcecode.swift; path = TeamOverviewTableViewCell.swift; sourceTree = "<group>"; };
		9FF3579A21913E1E00858A7E /* SavedTeamsTableViewController.swift */ = {isa = PBXFileReference; lastKnownFileType = sourcecode.swift; path = SavedTeamsTableViewController.swift; sourceTree = "<group>"; };
		9FF3579C219140D500858A7E /* SavedTeamsTableViewCell.swift */ = {isa = PBXFileReference; lastKnownFileType = sourcecode.swift; path = SavedTeamsTableViewCell.swift; sourceTree = "<group>"; };
/* End PBXFileReference section */

/* Begin PBXFrameworksBuildPhase section */
		9F61A46E217BEE13002A78A8 /* Frameworks */ = {
			isa = PBXFrameworksBuildPhase;
			buildActionMask = 2147483647;
			files = (
			);
			runOnlyForDeploymentPostprocessing = 0;
		};
		9F61A484217BEE16002A78A8 /* Frameworks */ = {
			isa = PBXFrameworksBuildPhase;
			buildActionMask = 2147483647;
			files = (
			);
			runOnlyForDeploymentPostprocessing = 0;
		};
		9F61A48F217BEE16002A78A8 /* Frameworks */ = {
			isa = PBXFrameworksBuildPhase;
			buildActionMask = 2147483647;
			files = (
			);
			runOnlyForDeploymentPostprocessing = 0;
		};
/* End PBXFrameworksBuildPhase section */

/* Begin PBXGroup section */
		9F61A468217BEE13002A78A8 = {
			isa = PBXGroup;
			children = (
				9F61A473217BEE13002A78A8 /* PTBuilder iOS */,
				9F61A48A217BEE16002A78A8 /* PTBuilder iOSTests */,
				9F61A495217BEE16002A78A8 /* PTBuilder iOSUITests */,
				9F61A472217BEE13002A78A8 /* Products */,
			);
			sourceTree = "<group>";
		};
		9F61A472217BEE13002A78A8 /* Products */ = {
			isa = PBXGroup;
			children = (
				9F61A471217BEE13002A78A8 /* PTBuilder iOS.app */,
				9F61A487217BEE16002A78A8 /* PTBuilder iOSTests.xctest */,
				9F61A492217BEE16002A78A8 /* PTBuilder iOSUITests.xctest */,
			);
			name = Products;
			sourceTree = "<group>";
		};
		9F61A473217BEE13002A78A8 /* PTBuilder iOS */ = {
			isa = PBXGroup;
			children = (
				9F61A47D217BEE16002A78A8 /* Assets.xcassets */,
				9F61A474217BEE13002A78A8 /* AppDelegate.swift */,
				9F61A47A217BEE13002A78A8 /* Main.storyboard */,
				9FE7BF7E218620F3001EEDA8 /* Global Classes and Methods */,
				9FE7BF7D21861ED5001EEDA8 /* Table View Cells */,
				9FE7BF7B21861E92001EEDA8 /* View Controllers */,
				9FE7BF7C21861EBC001EEDA8 /* Delegates */,
				9F61A47F217BEE16002A78A8 /* LaunchScreen.storyboard */,
				9F9E53CC217E8AB5009D4C56 /* PokemonPropertyPickerView.swift */,
				9F61A482217BEE16002A78A8 /* Info.plist */,
				9F983A2D218BC8E7003F4584 /* MyPlayground.playground */,
			);
			path = "PTBuilder iOS";
			sourceTree = "<group>";
		};
		9F61A48A217BEE16002A78A8 /* PTBuilder iOSTests */ = {
			isa = PBXGroup;
			children = (
				9F61A48B217BEE16002A78A8 /* PTBuilder_iOSTests.swift */,
				9F61A48D217BEE16002A78A8 /* Info.plist */,
			);
			path = "PTBuilder iOSTests";
			sourceTree = "<group>";
		};
		9F61A495217BEE16002A78A8 /* PTBuilder iOSUITests */ = {
			isa = PBXGroup;
			children = (
				9F61A496217BEE16002A78A8 /* PTBuilder_iOSUITests.swift */,
				9F61A498217BEE16002A78A8 /* Info.plist */,
			);
			path = "PTBuilder iOSUITests";
			sourceTree = "<group>";
		};
		9FE7BF7B21861E92001EEDA8 /* View Controllers */ = {
			isa = PBXGroup;
			children = (
				9FF3579A21913E1E00858A7E /* SavedTeamsTableViewController.swift */,
				9F983A2E218BD75F003F4584 /* PokedexViewController.swift */,
				9F983A34218CA126003F4584 /* PokedexDetailViewController.swift */,
				9F983A32218C0331003F4584 /* PokedexSearch.swift */,
				9F61A476217BEE13002A78A8 /* FirstViewController.swift */,
				9FB3F2DE21828395009AB5AB /* TeamWeaknessTableViewController.swift */,
				9FF00AF32180E1D000DB9BE8 /* TeamTableViewController.swift */,
				9FF00AF52180E1F500DB9BE8 /* TeamDetailViewController.swift */,
				9F36B788217CCF9F0013DAAF /* PokemonTableViewController.swift */,
				9F9E53C8217E4FB5009D4C56 /* DetailViewController.swift */,
				9F983A2B218B4FFE003F4584 /* LevelView.swift */,
				9F11283A218E0CD10025F468 /* LevelViewPokedex.swift */,
				9F8946032193599900015FE2 /* PrimaryTabBarViewController.swift */,
			);
			path = "View Controllers";
			sourceTree = "<group>";
		};
		9FE7BF7C21861EBC001EEDA8 /* Delegates */ = {
			isa = PBXGroup;
			children = (
				9FB3F2DC21822550009AB5AB /* TeamSectionSelectionDelegate.swift */,
				9F9E53CA217E7A8E009D4C56 /* PokemonSelectionDelegate.swift */,
			);
			path = Delegates;
			sourceTree = "<group>";
		};
		9FE7BF7D21861ED5001EEDA8 /* Table View Cells */ = {
			isa = PBXGroup;
			children = (
				9FF3579C219140D500858A7E /* SavedTeamsTableViewCell.swift */,
				9F4DB0C8218E83B700076625 /* SuggestedMonTableViewCell.swift */,
				9F983A30218BFC63003F4584 /* PokedexTableViewCell.swift */,
				9FB3F2E021828446009AB5AB /* TeamWeaknessTableViewCell.swift */,
				9FE7BF7F21862628001EEDA8 /* TeamCoverageTableViewCell.swift */,
				9F4DB0C6218E44D500076625 /* TeamAttributesTableViewCell.swift */,
				9FF00AF72180E39500DB9BE8 /* TeamOverviewTableViewCell.swift */,
				9F36B786217CCCF60013DAAF /* PokemonTableViewCell.swift */,
			);
			path = "Table View Cells";
			sourceTree = "<group>";
		};
		9FE7BF7E218620F3001EEDA8 /* Global Classes and Methods */ = {
			isa = PBXGroup;
			children = (
				9F61A4A4217BEEAF002A78A8 /* Pokedex.swift */,
				9F61A4A6217BEF20002A78A8 /* Pokemon.swift */,
				9F61A4A8217BEF3E002A78A8 /* Support Functions.swift */,
				9F61A4AA217BEF56002A78A8 /* Team.swift */,
				9F61A4AC217BEF7B002A78A8 /* Calculator.swift */,
			);
			path = "Global Classes and Methods";
			sourceTree = "<group>";
		};
/* End PBXGroup section */

/* Begin PBXNativeTarget section */
		9F61A470217BEE13002A78A8 /* PTBuilder iOS */ = {
			isa = PBXNativeTarget;
			buildConfigurationList = 9F61A49B217BEE16002A78A8 /* Build configuration list for PBXNativeTarget "PTBuilder iOS" */;
			buildPhases = (
				9F61A46D217BEE13002A78A8 /* Sources */,
				9F61A46E217BEE13002A78A8 /* Frameworks */,
				9F61A46F217BEE13002A78A8 /* Resources */,
			);
			buildRules = (
			);
			dependencies = (
			);
			name = "PTBuilder iOS";
			productName = "PTBuilder iOS";
			productReference = 9F61A471217BEE13002A78A8 /* PTBuilder iOS.app */;
			productType = "com.apple.product-type.application";
		};
		9F61A486217BEE16002A78A8 /* PTBuilder iOSTests */ = {
			isa = PBXNativeTarget;
			buildConfigurationList = 9F61A49E217BEE16002A78A8 /* Build configuration list for PBXNativeTarget "PTBuilder iOSTests" */;
			buildPhases = (
				9F61A483217BEE16002A78A8 /* Sources */,
				9F61A484217BEE16002A78A8 /* Frameworks */,
				9F61A485217BEE16002A78A8 /* Resources */,
			);
			buildRules = (
			);
			dependencies = (
				9F61A489217BEE16002A78A8 /* PBXTargetDependency */,
			);
			name = "PTBuilder iOSTests";
			productName = "PTBuilder iOSTests";
			productReference = 9F61A487217BEE16002A78A8 /* PTBuilder iOSTests.xctest */;
			productType = "com.apple.product-type.bundle.unit-test";
		};
		9F61A491217BEE16002A78A8 /* PTBuilder iOSUITests */ = {
			isa = PBXNativeTarget;
			buildConfigurationList = 9F61A4A1217BEE16002A78A8 /* Build configuration list for PBXNativeTarget "PTBuilder iOSUITests" */;
			buildPhases = (
				9F61A48E217BEE16002A78A8 /* Sources */,
				9F61A48F217BEE16002A78A8 /* Frameworks */,
				9F61A490217BEE16002A78A8 /* Resources */,
			);
			buildRules = (
			);
			dependencies = (
				9F61A494217BEE16002A78A8 /* PBXTargetDependency */,
			);
			name = "PTBuilder iOSUITests";
			productName = "PTBuilder iOSUITests";
			productReference = 9F61A492217BEE16002A78A8 /* PTBuilder iOSUITests.xctest */;
			productType = "com.apple.product-type.bundle.ui-testing";
		};
/* End PBXNativeTarget section */

/* Begin PBXProject section */
		9F61A469217BEE13002A78A8 /* Project object */ = {
			isa = PBXProject;
			attributes = {
				KnownAssetTags = (
					splitView,
				);
				LastSwiftUpdateCheck = 1000;
				LastUpgradeCheck = 1000;
				ORGANIZATIONNAME = "Hugh Broome";
				TargetAttributes = {
					9F61A470217BEE13002A78A8 = {
						CreatedOnToolsVersion = 10.0;
					};
					9F61A486217BEE16002A78A8 = {
						CreatedOnToolsVersion = 10.0;
						TestTargetID = 9F61A470217BEE13002A78A8;
					};
					9F61A491217BEE16002A78A8 = {
						CreatedOnToolsVersion = 10.0;
						TestTargetID = 9F61A470217BEE13002A78A8;
					};
				};
			};
			buildConfigurationList = 9F61A46C217BEE13002A78A8 /* Build configuration list for PBXProject "PTBuilder iOS" */;
			compatibilityVersion = "Xcode 9.3";
			developmentRegion = en;
			hasScannedForEncodings = 0;
			knownRegions = (
				en,
				Base,
			);
			mainGroup = 9F61A468217BEE13002A78A8;
			productRefGroup = 9F61A472217BEE13002A78A8 /* Products */;
			projectDirPath = "";
			projectRoot = "";
			targets = (
				9F61A470217BEE13002A78A8 /* PTBuilder iOS */,
				9F61A486217BEE16002A78A8 /* PTBuilder iOSTests */,
				9F61A491217BEE16002A78A8 /* PTBuilder iOSUITests */,
			);
		};
/* End PBXProject section */

/* Begin PBXResourcesBuildPhase section */
		9F61A46F217BEE13002A78A8 /* Resources */ = {
			isa = PBXResourcesBuildPhase;
			buildActionMask = 2147483647;
			files = (
				9F61A481217BEE16002A78A8 /* LaunchScreen.storyboard in Resources */,
				9F61A47E217BEE16002A78A8 /* Assets.xcassets in Resources */,
				9F61A47C217BEE13002A78A8 /* Main.storyboard in Resources */,
			);
			runOnlyForDeploymentPostprocessing = 0;
		};
		9F61A485217BEE16002A78A8 /* Resources */ = {
			isa = PBXResourcesBuildPhase;
			buildActionMask = 2147483647;
			files = (
			);
			runOnlyForDeploymentPostprocessing = 0;
		};
		9F61A490217BEE16002A78A8 /* Resources */ = {
			isa = PBXResourcesBuildPhase;
			buildActionMask = 2147483647;
			files = (
			);
			runOnlyForDeploymentPostprocessing = 0;
		};
/* End PBXResourcesBuildPhase section */

/* Begin PBXSourcesBuildPhase section */
		9F61A46D217BEE13002A78A8 /* Sources */ = {
			isa = PBXSourcesBuildPhase;
			buildActionMask = 2147483647;
			files = (
				9F9E53C9217E4FB5009D4C56 /* DetailViewController.swift in Sources */,
				9FE7BF8021862628001EEDA8 /* TeamCoverageTableViewCell.swift in Sources */,
				9F983A33218C0331003F4584 /* PokedexSearch.swift in Sources */,
				9F36B787217CCCF60013DAAF /* PokemonTableViewCell.swift in Sources */,
				9F61A4A9217BEF3E002A78A8 /* Support Functions.swift in Sources */,
				9F11283B218E0CD10025F468 /* LevelViewPokedex.swift in Sources */,
				9F9E53CB217E7A8E009D4C56 /* PokemonSelectionDelegate.swift in Sources */,
				9FF00AF42180E1D000DB9BE8 /* TeamTableViewController.swift in Sources */,
				9F4DB0C9218E83B700076625 /* SuggestedMonTableViewCell.swift in Sources */,
				9F983A2F218BD75F003F4584 /* PokedexViewController.swift in Sources */,
				9F4DB0C7218E44D500076625 /* TeamAttributesTableViewCell.swift in Sources */,
				9FB3F2DD21822550009AB5AB /* TeamSectionSelectionDelegate.swift in Sources */,
				9F983A31218BFC63003F4584 /* PokedexTableViewCell.swift in Sources */,
				9F36B789217CCF9F0013DAAF /* PokemonTableViewController.swift in Sources */,
				9FB3F2E121828446009AB5AB /* TeamWeaknessTableViewCell.swift in Sources */,
				9F983A2C218B4FFE003F4584 /* LevelView.swift in Sources */,
				9F61A4A7217BEF20002A78A8 /* Pokemon.swift in Sources */,
				9FF3579D219140D500858A7E /* SavedTeamsTableViewCell.swift in Sources */,
				9F61A4AB217BEF56002A78A8 /* Team.swift in Sources */,
				9FF3579B21913E1E00858A7E /* SavedTeamsTableViewController.swift in Sources */,
				9F9E53CD217E8AB5009D4C56 /* PokemonPropertyPickerView.swift in Sources */,
				9F8946042193599900015FE2 /* PrimaryTabBarViewController.swift in Sources */,
				9FB3F2DF21828395009AB5AB /* TeamWeaknessTableViewController.swift in Sources */,
				9F61A4A5217BEEAF002A78A8 /* Pokedex.swift in Sources */,
				9F983A35218CA126003F4584 /* PokedexDetailViewController.swift in Sources */,
				9FF00AF62180E1F500DB9BE8 /* TeamDetailViewController.swift in Sources */,
				9FF00AF82180E39500DB9BE8 /* TeamOverviewTableViewCell.swift in Sources */,
				9F61A4AD217BEF7B002A78A8 /* Calculator.swift in Sources */,
				9F61A475217BEE13002A78A8 /* AppDelegate.swift in Sources */,
				9F61A477217BEE13002A78A8 /* FirstViewController.swift in Sources */,
			);
			runOnlyForDeploymentPostprocessing = 0;
		};
		9F61A483217BEE16002A78A8 /* Sources */ = {
			isa = PBXSourcesBuildPhase;
			buildActionMask = 2147483647;
			files = (
				9F61A48C217BEE16002A78A8 /* PTBuilder_iOSTests.swift in Sources */,
			);
			runOnlyForDeploymentPostprocessing = 0;
		};
		9F61A48E217BEE16002A78A8 /* Sources */ = {
			isa = PBXSourcesBuildPhase;
			buildActionMask = 2147483647;
			files = (
				9F61A497217BEE16002A78A8 /* PTBuilder_iOSUITests.swift in Sources */,
			);
			runOnlyForDeploymentPostprocessing = 0;
		};
/* End PBXSourcesBuildPhase section */

/* Begin PBXTargetDependency section */
		9F61A489217BEE16002A78A8 /* PBXTargetDependency */ = {
			isa = PBXTargetDependency;
			target = 9F61A470217BEE13002A78A8 /* PTBuilder iOS */;
			targetProxy = 9F61A488217BEE16002A78A8 /* PBXContainerItemProxy */;
		};
		9F61A494217BEE16002A78A8 /* PBXTargetDependency */ = {
			isa = PBXTargetDependency;
			target = 9F61A470217BEE13002A78A8 /* PTBuilder iOS */;
			targetProxy = 9F61A493217BEE16002A78A8 /* PBXContainerItemProxy */;
		};
/* End PBXTargetDependency section */

/* Begin PBXVariantGroup section */
		9F61A47A217BEE13002A78A8 /* Main.storyboard */ = {
			isa = PBXVariantGroup;
			children = (
				9F61A47B217BEE13002A78A8 /* Base */,
			);
			name = Main.storyboard;
			sourceTree = "<group>";
		};
		9F61A47F217BEE16002A78A8 /* LaunchScreen.storyboard */ = {
			isa = PBXVariantGroup;
			children = (
				9F61A480217BEE16002A78A8 /* Base */,
			);
			name = LaunchScreen.storyboard;
			sourceTree = "<group>";
		};
/* End PBXVariantGroup section */

/* Begin XCBuildConfiguration section */
		9F61A499217BEE16002A78A8 /* Debug */ = {
			isa = XCBuildConfiguration;
			buildSettings = {
				ALWAYS_SEARCH_USER_PATHS = NO;
				CLANG_ANALYZER_NONNULL = YES;
				CLANG_ANALYZER_NUMBER_OBJECT_CONVERSION = YES_AGGRESSIVE;
				CLANG_CXX_LANGUAGE_STANDARD = "gnu++14";
				CLANG_CXX_LIBRARY = "libc++";
				CLANG_ENABLE_MODULES = YES;
				CLANG_ENABLE_OBJC_ARC = YES;
				CLANG_ENABLE_OBJC_WEAK = YES;
				CLANG_WARN_BLOCK_CAPTURE_AUTORELEASING = YES;
				CLANG_WARN_BOOL_CONVERSION = YES;
				CLANG_WARN_COMMA = YES;
				CLANG_WARN_CONSTANT_CONVERSION = YES;
				CLANG_WARN_DEPRECATED_OBJC_IMPLEMENTATIONS = YES;
				CLANG_WARN_DIRECT_OBJC_ISA_USAGE = YES_ERROR;
				CLANG_WARN_DOCUMENTATION_COMMENTS = YES;
				CLANG_WARN_EMPTY_BODY = YES;
				CLANG_WARN_ENUM_CONVERSION = YES;
				CLANG_WARN_INFINITE_RECURSION = YES;
				CLANG_WARN_INT_CONVERSION = YES;
				CLANG_WARN_NON_LITERAL_NULL_CONVERSION = YES;
				CLANG_WARN_OBJC_IMPLICIT_RETAIN_SELF = YES;
				CLANG_WARN_OBJC_LITERAL_CONVERSION = YES;
				CLANG_WARN_OBJC_ROOT_CLASS = YES_ERROR;
				CLANG_WARN_RANGE_LOOP_ANALYSIS = YES;
				CLANG_WARN_STRICT_PROTOTYPES = YES;
				CLANG_WARN_SUSPICIOUS_MOVE = YES;
				CLANG_WARN_UNGUARDED_AVAILABILITY = YES_AGGRESSIVE;
				CLANG_WARN_UNREACHABLE_CODE = YES;
				CLANG_WARN__DUPLICATE_METHOD_MATCH = YES;
				CODE_SIGN_IDENTITY = "iPhone Developer";
				COPY_PHASE_STRIP = NO;
				DEBUG_INFORMATION_FORMAT = dwarf;
				ENABLE_STRICT_OBJC_MSGSEND = YES;
				ENABLE_TESTABILITY = YES;
				GCC_C_LANGUAGE_STANDARD = gnu11;
				GCC_DYNAMIC_NO_PIC = NO;
				GCC_NO_COMMON_BLOCKS = YES;
				GCC_OPTIMIZATION_LEVEL = 0;
				GCC_PREPROCESSOR_DEFINITIONS = (
					"DEBUG=1",
					"$(inherited)",
				);
				GCC_WARN_64_TO_32_BIT_CONVERSION = YES;
				GCC_WARN_ABOUT_RETURN_TYPE = YES_ERROR;
				GCC_WARN_UNDECLARED_SELECTOR = YES;
				GCC_WARN_UNINITIALIZED_AUTOS = YES_AGGRESSIVE;
				GCC_WARN_UNUSED_FUNCTION = YES;
				GCC_WARN_UNUSED_VARIABLE = YES;
				IPHONEOS_DEPLOYMENT_TARGET = 12.0;
				MTL_ENABLE_DEBUG_INFO = INCLUDE_SOURCE;
				MTL_FAST_MATH = YES;
				ONLY_ACTIVE_ARCH = YES;
				SDKROOT = iphoneos;
				SWIFT_ACTIVE_COMPILATION_CONDITIONS = DEBUG;
				SWIFT_OPTIMIZATION_LEVEL = "-Onone";
			};
			name = Debug;
		};
		9F61A49A217BEE16002A78A8 /* Release */ = {
			isa = XCBuildConfiguration;
			buildSettings = {
				ALWAYS_SEARCH_USER_PATHS = NO;
				CLANG_ANALYZER_NONNULL = YES;
				CLANG_ANALYZER_NUMBER_OBJECT_CONVERSION = YES_AGGRESSIVE;
				CLANG_CXX_LANGUAGE_STANDARD = "gnu++14";
				CLANG_CXX_LIBRARY = "libc++";
				CLANG_ENABLE_MODULES = YES;
				CLANG_ENABLE_OBJC_ARC = YES;
				CLANG_ENABLE_OBJC_WEAK = YES;
				CLANG_WARN_BLOCK_CAPTURE_AUTORELEASING = YES;
				CLANG_WARN_BOOL_CONVERSION = YES;
				CLANG_WARN_COMMA = YES;
				CLANG_WARN_CONSTANT_CONVERSION = YES;
				CLANG_WARN_DEPRECATED_OBJC_IMPLEMENTATIONS = YES;
				CLANG_WARN_DIRECT_OBJC_ISA_USAGE = YES_ERROR;
				CLANG_WARN_DOCUMENTATION_COMMENTS = YES;
				CLANG_WARN_EMPTY_BODY = YES;
				CLANG_WARN_ENUM_CONVERSION = YES;
				CLANG_WARN_INFINITE_RECURSION = YES;
				CLANG_WARN_INT_CONVERSION = YES;
				CLANG_WARN_NON_LITERAL_NULL_CONVERSION = YES;
				CLANG_WARN_OBJC_IMPLICIT_RETAIN_SELF = YES;
				CLANG_WARN_OBJC_LITERAL_CONVERSION = YES;
				CLANG_WARN_OBJC_ROOT_CLASS = YES_ERROR;
				CLANG_WARN_RANGE_LOOP_ANALYSIS = YES;
				CLANG_WARN_STRICT_PROTOTYPES = YES;
				CLANG_WARN_SUSPICIOUS_MOVE = YES;
				CLANG_WARN_UNGUARDED_AVAILABILITY = YES_AGGRESSIVE;
				CLANG_WARN_UNREACHABLE_CODE = YES;
				CLANG_WARN__DUPLICATE_METHOD_MATCH = YES;
				CODE_SIGN_IDENTITY = "iPhone Developer";
				COPY_PHASE_STRIP = NO;
				DEBUG_INFORMATION_FORMAT = "dwarf-with-dsym";
				ENABLE_NS_ASSERTIONS = NO;
				ENABLE_STRICT_OBJC_MSGSEND = YES;
				GCC_C_LANGUAGE_STANDARD = gnu11;
				GCC_NO_COMMON_BLOCKS = YES;
				GCC_WARN_64_TO_32_BIT_CONVERSION = YES;
				GCC_WARN_ABOUT_RETURN_TYPE = YES_ERROR;
				GCC_WARN_UNDECLARED_SELECTOR = YES;
				GCC_WARN_UNINITIALIZED_AUTOS = YES_AGGRESSIVE;
				GCC_WARN_UNUSED_FUNCTION = YES;
				GCC_WARN_UNUSED_VARIABLE = YES;
				IPHONEOS_DEPLOYMENT_TARGET = 12.0;
				MTL_ENABLE_DEBUG_INFO = NO;
				MTL_FAST_MATH = YES;
				SDKROOT = iphoneos;
				SWIFT_COMPILATION_MODE = wholemodule;
				SWIFT_OPTIMIZATION_LEVEL = "-O";
				VALIDATE_PRODUCT = YES;
			};
			name = Release;
		};
		9F61A49C217BEE16002A78A8 /* Debug */ = {
			isa = XCBuildConfiguration;
			buildSettings = {
				ASSETCATALOG_COMPILER_APPICON_NAME = AppIcon;
				CODE_SIGN_STYLE = Automatic;
				DEVELOPMENT_TEAM = F54NBB76Q7;
				INFOPLIST_FILE = "PTBuilder iOS/Info.plist";
				LD_RUNPATH_SEARCH_PATHS = (
					"$(inherited)",
					"@executable_path/Frameworks",
				);
				PRODUCT_BUNDLE_IDENTIFIER = "Lygre.PTBuilder-iOS";
				PRODUCT_NAME = "$(TARGET_NAME)";
				SWIFT_VERSION = 4.2;
				TARGETED_DEVICE_FAMILY = "1,2";
			};
			name = Debug;
		};
		9F61A49D217BEE16002A78A8 /* Release */ = {
			isa = XCBuildConfiguration;
			buildSettings = {
				ASSETCATALOG_COMPILER_APPICON_NAME = AppIcon;
				CODE_SIGN_STYLE = Automatic;
				DEVELOPMENT_TEAM = F54NBB76Q7;
				INFOPLIST_FILE = "PTBuilder iOS/Info.plist";
				LD_RUNPATH_SEARCH_PATHS = (
					"$(inherited)",
					"@executable_path/Frameworks",
				);
				PRODUCT_BUNDLE_IDENTIFIER = "Lygre.PTBuilder-iOS";
				PRODUCT_NAME = "$(TARGET_NAME)";
				SWIFT_VERSION = 4.2;
				TARGETED_DEVICE_FAMILY = "1,2";
			};
			name = Release;
		};
		9F61A49F217BEE16002A78A8 /* Debug */ = {
			isa = XCBuildConfiguration;
			buildSettings = {
				ALWAYS_EMBED_SWIFT_STANDARD_LIBRARIES = YES;
				BUNDLE_LOADER = "$(TEST_HOST)";
				CODE_SIGN_STYLE = Automatic;
				DEVELOPMENT_TEAM = F54NBB76Q7;
				INFOPLIST_FILE = "PTBuilder iOSTests/Info.plist";
				LD_RUNPATH_SEARCH_PATHS = (
					"$(inherited)",
					"@executable_path/Frameworks",
					"@loader_path/Frameworks",
				);
				PRODUCT_BUNDLE_IDENTIFIER = "Lygre.PTBuilder-iOSTests";
				PRODUCT_NAME = "$(TARGET_NAME)";
				SWIFT_VERSION = 4.2;
				TARGETED_DEVICE_FAMILY = "1,2";
				TEST_HOST = "$(BUILT_PRODUCTS_DIR)/PTBuilder iOS.app/PTBuilder iOS";
			};
			name = Debug;
		};
		9F61A4A0217BEE16002A78A8 /* Release */ = {
			isa = XCBuildConfiguration;
			buildSettings = {
				ALWAYS_EMBED_SWIFT_STANDARD_LIBRARIES = YES;
				BUNDLE_LOADER = "$(TEST_HOST)";
				CODE_SIGN_STYLE = Automatic;
				DEVELOPMENT_TEAM = F54NBB76Q7;
				INFOPLIST_FILE = "PTBuilder iOSTests/Info.plist";
				LD_RUNPATH_SEARCH_PATHS = (
					"$(inherited)",
					"@executable_path/Frameworks",
					"@loader_path/Frameworks",
				);
				PRODUCT_BUNDLE_IDENTIFIER = "Lygre.PTBuilder-iOSTests";
				PRODUCT_NAME = "$(TARGET_NAME)";
				SWIFT_VERSION = 4.2;
				TARGETED_DEVICE_FAMILY = "1,2";
				TEST_HOST = "$(BUILT_PRODUCTS_DIR)/PTBuilder iOS.app/PTBuilder iOS";
			};
			name = Release;
		};
		9F61A4A2217BEE16002A78A8 /* Debug */ = {
			isa = XCBuildConfiguration;
			buildSettings = {
				ALWAYS_EMBED_SWIFT_STANDARD_LIBRARIES = YES;
				CODE_SIGN_STYLE = Automatic;
				DEVELOPMENT_TEAM = F54NBB76Q7;
				INFOPLIST_FILE = "PTBuilder iOSUITests/Info.plist";
				LD_RUNPATH_SEARCH_PATHS = (
					"$(inherited)",
					"@executable_path/Frameworks",
					"@loader_path/Frameworks",
				);
				PRODUCT_BUNDLE_IDENTIFIER = "Lygre.PTBuilder-iOSUITests";
				PRODUCT_NAME = "$(TARGET_NAME)";
				SWIFT_VERSION = 4.2;
				TARGETED_DEVICE_FAMILY = "1,2";
				TEST_TARGET_NAME = "PTBuilder iOS";
			};
			name = Debug;
		};
		9F61A4A3217BEE16002A78A8 /* Release */ = {
			isa = XCBuildConfiguration;
			buildSettings = {
				ALWAYS_EMBED_SWIFT_STANDARD_LIBRARIES = YES;
				CODE_SIGN_STYLE = Automatic;
				DEVELOPMENT_TEAM = F54NBB76Q7;
				INFOPLIST_FILE = "PTBuilder iOSUITests/Info.plist";
				LD_RUNPATH_SEARCH_PATHS = (
					"$(inherited)",
					"@executable_path/Frameworks",
					"@loader_path/Frameworks",
				);
				PRODUCT_BUNDLE_IDENTIFIER = "Lygre.PTBuilder-iOSUITests";
				PRODUCT_NAME = "$(TARGET_NAME)";
				SWIFT_VERSION = 4.2;
				TARGETED_DEVICE_FAMILY = "1,2";
				TEST_TARGET_NAME = "PTBuilder iOS";
			};
			name = Release;
		};
/* End XCBuildConfiguration section */

/* Begin XCConfigurationList section */
		9F61A46C217BEE13002A78A8 /* Build configuration list for PBXProject "PTBuilder iOS" */ = {
			isa = XCConfigurationList;
			buildConfigurations = (
				9F61A499217BEE16002A78A8 /* Debug */,
				9F61A49A217BEE16002A78A8 /* Release */,
			);
			defaultConfigurationIsVisible = 0;
			defaultConfigurationName = Release;
		};
		9F61A49B217BEE16002A78A8 /* Build configuration list for PBXNativeTarget "PTBuilder iOS" */ = {
			isa = XCConfigurationList;
			buildConfigurations = (
				9F61A49C217BEE16002A78A8 /* Debug */,
				9F61A49D217BEE16002A78A8 /* Release */,
			);
			defaultConfigurationIsVisible = 0;
			defaultConfigurationName = Release;
		};
		9F61A49E217BEE16002A78A8 /* Build configuration list for PBXNativeTarget "PTBuilder iOSTests" */ = {
			isa = XCConfigurationList;
			buildConfigurations = (
				9F61A49F217BEE16002A78A8 /* Debug */,
				9F61A4A0217BEE16002A78A8 /* Release */,
			);
			defaultConfigurationIsVisible = 0;
			defaultConfigurationName = Release;
		};
		9F61A4A1217BEE16002A78A8 /* Build configuration list for PBXNativeTarget "PTBuilder iOSUITests" */ = {
			isa = XCConfigurationList;
			buildConfigurations = (
				9F61A4A2217BEE16002A78A8 /* Debug */,
				9F61A4A3217BEE16002A78A8 /* Release */,
			);
			defaultConfigurationIsVisible = 0;
			defaultConfigurationName = Release;
		};
/* End XCConfigurationList section */
	};
	rootObject = 9F61A469217BEE13002A78A8 /* Project object */;
}
